// !$*UTF8*$!
{
	archiveVersion = 1;
	classes = {
	};
	objectVersion = 50;
	objects = {

/* Begin PBXBuildFile section */
		F174B3C320BE406900E62F7D /* rs232-linux.cpp in Sources */ = {isa = PBXBuildFile; fileRef = F174B3C120BE406900E62F7D /* rs232-linux.cpp */; };
		F174B3C420BE406900E62F7D /* rs232-win.c in Sources */ = {isa = PBXBuildFile; fileRef = F174B3C220BE406900E62F7D /* rs232-win.c */; };
		F1A57F9520B88A4D003A84FA /* main.cpp in Sources */ = {isa = PBXBuildFile; fileRef = F1A57F9420B88A4D003A84FA /* main.cpp */; };
		F1A57F9D20B88A84003A84FA /* BLOCK.cpp in Sources */ = {isa = PBXBuildFile; fileRef = F1A57F9C20B88A84003A84FA /* BLOCK.cpp */; };
		F1A57FA020B89026003A84FA /* ZBR.cpp in Sources */ = {isa = PBXBuildFile; fileRef = F1A57F9E20B89026003A84FA /* ZBR.cpp */; };
/* End PBXBuildFile section */

/* Begin PBXCopyFilesBuildPhase section */
		F1A57F8F20B88A4D003A84FA /* CopyFiles */ = {
			isa = PBXCopyFilesBuildPhase;
			buildActionMask = 2147483647;
			dstPath = /usr/share/man/man1/;
			dstSubfolderSpec = 0;
			files = (
			);
			runOnlyForDeploymentPostprocessing = 1;
		};
/* End PBXCopyFilesBuildPhase section */

/* Begin PBXFileReference section */
		F174B3C020BE406900E62F7D /* rs232.h */ = {isa = PBXFileReference; fileEncoding = 4; lastKnownFileType = sourcecode.c.h; name = rs232.h; path = rs232/rs232.h; sourceTree = "<group>"; };
		F174B3C120BE406900E62F7D /* rs232-linux.cpp */ = {isa = PBXFileReference; fileEncoding = 4; lastKnownFileType = sourcecode.cpp.cpp; name = "rs232-linux.cpp"; path = "rs232/rs232-linux.cpp"; sourceTree = "<group>"; };
		F174B3C220BE406900E62F7D /* rs232-win.c */ = {isa = PBXFileReference; fileEncoding = 4; lastKnownFileType = sourcecode.c.c; name = "rs232-win.c"; path = "rs232/rs232-win.c"; sourceTree = "<group>"; };
		F174B3C520BE408000E62F7D /* rs232 */ = {isa = PBXFileReference; lastKnownFileType = folder; path = rs232; sourceTree = "<group>"; };
		F1A57F9120B88A4D003A84FA /* GcodeParser */ = {isa = PBXFileReference; explicitFileType = "compiled.mach-o.executable"; includeInIndex = 0; path = GcodeParser; sourceTree = BUILT_PRODUCTS_DIR; };
		F1A57F9420B88A4D003A84FA /* main.cpp */ = {isa = PBXFileReference; lastKnownFileType = sourcecode.cpp.cpp; path = main.cpp; sourceTree = "<group>"; };
		F1A57F9B20B88A67003A84FA /* BLOCK.h */ = {isa = PBXFileReference; lastKnownFileType = sourcecode.c.h; path = BLOCK.h; sourceTree = "<group>"; };
		F1A57F9C20B88A84003A84FA /* BLOCK.cpp */ = {isa = PBXFileReference; lastKnownFileType = sourcecode.cpp.cpp; path = BLOCK.cpp; sourceTree = "<group>"; };
		F1A57F9E20B89026003A84FA /* ZBR.cpp */ = {isa = PBXFileReference; lastKnownFileType = sourcecode.cpp.cpp; path = ZBR.cpp; sourceTree = "<group>"; };
		F1A57F9F20B89026003A84FA /* ZBR.h */ = {isa = PBXFileReference; lastKnownFileType = sourcecode.c.h; path = ZBR.h; sourceTree = "<group>"; };
/* End PBXFileReference section */

/* Begin PBXFrameworksBuildPhase section */
		F1A57F8E20B88A4D003A84FA /* Frameworks */ = {
			isa = PBXFrameworksBuildPhase;
			buildActionMask = 2147483647;
			files = (
			);
			runOnlyForDeploymentPostprocessing = 0;
		};
/* End PBXFrameworksBuildPhase section */

/* Begin PBXGroup section */
		F1A57F8820B88A4D003A84FA = {
			isa = PBXGroup;
			children = (
				F1A57F9320B88A4D003A84FA /* GcodeParser */,
				F1A57F9220B88A4D003A84FA /* Products */,
			);
			sourceTree = "<group>";
		};
		F1A57F9220B88A4D003A84FA /* Products */ = {
			isa = PBXGroup;
			children = (
				F1A57F9120B88A4D003A84FA /* GcodeParser */,
			);
			name = Products;
			sourceTree = "<group>";
		};
		F1A57F9320B88A4D003A84FA /* GcodeParser */ = {
			isa = PBXGroup;
			children = (
				F174B3C520BE408000E62F7D /* rs232 */,
				F174B3C120BE406900E62F7D /* rs232-linux.cpp */,
				F174B3C220BE406900E62F7D /* rs232-win.c */,
				F174B3C020BE406900E62F7D /* rs232.h */,
				F1A57F9420B88A4D003A84FA /* main.cpp */,
				F1A57F9B20B88A67003A84FA /* BLOCK.h */,
				F1A57F9C20B88A84003A84FA /* BLOCK.cpp */,
				F1A57F9E20B89026003A84FA /* ZBR.cpp */,
				F1A57F9F20B89026003A84FA /* ZBR.h */,
			);
			path = GcodeParser;
			sourceTree = "<group>";
		};
/* End PBXGroup section */

/* Begin PBXNativeTarget section */
		F1A57F9020B88A4D003A84FA /* GcodeParser */ = {
			isa = PBXNativeTarget;
			buildConfigurationList = F1A57F9820B88A4D003A84FA /* Build configuration list for PBXNativeTarget "GcodeParser" */;
			buildPhases = (
				F1A57F8D20B88A4D003A84FA /* Sources */,
				F1A57F8E20B88A4D003A84FA /* Frameworks */,
				F1A57F8F20B88A4D003A84FA /* CopyFiles */,
			);
			buildRules = (
			);
			dependencies = (
			);
			name = GcodeParser;
			productName = GcodeParser;
			productReference = F1A57F9120B88A4D003A84FA /* GcodeParser */;
			productType = "com.apple.product-type.tool";
		};
/* End PBXNativeTarget section */

/* Begin PBXProject section */
		F1A57F8920B88A4D003A84FA /* Project object */ = {
			isa = PBXProject;
			attributes = {
				LastUpgradeCheck = 0930;
				ORGANIZATIONNAME = "Nick Engel";
				TargetAttributes = {
					F1A57F9020B88A4D003A84FA = {
						CreatedOnToolsVersion = 9.3.1;
					};
				};
			};
			buildConfigurationList = F1A57F8C20B88A4D003A84FA /* Build configuration list for PBXProject "GcodeParser" */;
			compatibilityVersion = "Xcode 9.3";
			developmentRegion = en;
			hasScannedForEncodings = 0;
			knownRegions = (
				en,
			);
			mainGroup = F1A57F8820B88A4D003A84FA;
			productRefGroup = F1A57F9220B88A4D003A84FA /* Products */;
			projectDirPath = "";
			projectRoot = "";
			targets = (
				F1A57F9020B88A4D003A84FA /* GcodeParser */,
			);
		};
/* End PBXProject section */

/* Begin PBXSourcesBuildPhase section */
		F1A57F8D20B88A4D003A84FA /* Sources */ = {
			isa = PBXSourcesBuildPhase;
			buildActionMask = 2147483647;
			files = (
				F1A57FA020B89026003A84FA /* ZBR.cpp in Sources */,
				F174B3C420BE406900E62F7D /* rs232-win.c in Sources */,
				F174B3C320BE406900E62F7D /* rs232-linux.cpp in Sources */,
				F1A57F9520B88A4D003A84FA /* main.cpp in Sources */,
				F1A57F9D20B88A84003A84FA /* BLOCK.cpp in Sources */,
			);
			runOnlyForDeploymentPostprocessing = 0;
		};
/* End PBXSourcesBuildPhase section */

/* Begin XCBuildConfiguration section */
		F1A57F9620B88A4D003A84FA /* Debug */ = {
			isa = XCBuildConfiguration;
			buildSettings = {
				ALWAYS_SEARCH_USER_PATHS = NO;
				CLANG_ANALYZER_NONNULL = YES;
				CLANG_ANALYZER_NUMBER_OBJECT_CONVERSION = YES_AGGRESSIVE;
				CLANG_CXX_LANGUAGE_STANDARD = "gnu++14";
				CLANG_CXX_LIBRARY = "libc++";
				CLANG_ENABLE_MODULES = YES;
				CLANG_ENABLE_OBJC_ARC = YES;
				CLANG_ENABLE_OBJC_WEAK = YES;
				CLANG_WARN_BLOCK_CAPTURE_AUTORELEASING = YES;
				CLANG_WARN_BOOL_CONVERSION = YES;
				CLANG_WARN_COMMA = YES;
				CLANG_WARN_CONSTANT_CONVERSION = YES;
				CLANG_WARN_DEPRECATED_OBJC_IMPLEMENTATIONS = YES;
				CLANG_WARN_DIRECT_OBJC_ISA_USAGE = YES_ERROR;
				CLANG_WARN_DOCUMENTATION_COMMENTS = YES;
				CLANG_WARN_EMPTY_BODY = YES;
				CLANG_WARN_ENUM_CONVERSION = YES;
				CLANG_WARN_INFINITE_RECURSION = YES;
				CLANG_WARN_INT_CONVERSION = YES;
				CLANG_WARN_NON_LITERAL_NULL_CONVERSION = YES;
				CLANG_WARN_OBJC_IMPLICIT_RETAIN_SELF = YES;
				CLANG_WARN_OBJC_LITERAL_CONVERSION = YES;
				CLANG_WARN_OBJC_ROOT_CLASS = YES_ERROR;
				CLANG_WARN_RANGE_LOOP_ANALYSIS = YES;
				CLANG_WARN_STRICT_PROTOTYPES = YES;
				CLANG_WARN_SUSPICIOUS_MOVE = YES;
				CLANG_WARN_UNGUARDED_AVAILABILITY = YES_AGGRESSIVE;
				CLANG_WARN_UNREACHABLE_CODE = YES;
				CLANG_WARN__DUPLICATE_METHOD_MATCH = YES;
				CODE_SIGN_IDENTITY = "-";
				COPY_PHASE_STRIP = NO;
				DEBUG_INFORMATION_FORMAT = dwarf;
				ENABLE_STRICT_OBJC_MSGSEND = YES;
				ENABLE_TESTABILITY = YES;
				GCC_C_LANGUAGE_STANDARD = gnu11;
				GCC_DYNAMIC_NO_PIC = NO;
				GCC_NO_COMMON_BLOCKS = YES;
				GCC_OPTIMIZATION_LEVEL = 0;
				GCC_PREPROCESSOR_DEFINITIONS = (
					"DEBUG=1",
					"$(inherited)",
				);
				GCC_WARN_64_TO_32_BIT_CONVERSION = YES;
				GCC_WARN_ABOUT_RETURN_TYPE = YES_ERROR;
				GCC_WARN_UNDECLARED_SELECTOR = YES;
				GCC_WARN_UNINITIALIZED_AUTOS = YES_AGGRESSIVE;
				GCC_WARN_UNUSED_FUNCTION = YES;
				GCC_WARN_UNUSED_VARIABLE = YES;
				MACOSX_DEPLOYMENT_TARGET = 10.13;
				MTL_ENABLE_DEBUG_INFO = YES;
				ONLY_ACTIVE_ARCH = YES;
				SDKROOT = macosx;
			};
			name = Debug;
		};
		F1A57F9720B88A4D003A84FA /* Release */ = {
			isa = XCBuildConfiguration;
			buildSettings = {
				ALWAYS_SEARCH_USER_PATHS = NO;
				CLANG_ANALYZER_NONNULL = YES;
				CLANG_ANALYZER_NUMBER_OBJECT_CONVERSION = YES_AGGRESSIVE;
				CLANG_CXX_LANGUAGE_STANDARD = "gnu++14";
				CLANG_CXX_LIBRARY = "libc++";
				CLANG_ENABLE_MODULES = YES;
				CLANG_ENABLE_OBJC_ARC = YES;
				CLANG_ENABLE_OBJC_WEAK = YES;
				CLANG_WARN_BLOCK_CAPTURE_AUTORELEASING = YES;
				CLANG_WARN_BOOL_CONVERSION = YES;
				CLANG_WARN_COMMA = YES;
				CLANG_WARN_CONSTANT_CONVERSION = YES;
				CLANG_WARN_DEPRECATED_OBJC_IMPLEMENTATIONS = YES;
				CLANG_WARN_DIRECT_OBJC_ISA_USAGE = YES_ERROR;
				CLANG_WARN_DOCUMENTATION_COMMENTS = YES;
				CLANG_WARN_EMPTY_BODY = YES;
				CLANG_WARN_ENUM_CONVERSION = YES;
				CLANG_WARN_INFINITE_RECURSION = YES;
				CLANG_WARN_INT_CONVERSION = YES;
				CLANG_WARN_NON_LITERAL_NULL_CONVERSION = YES;
				CLANG_WARN_OBJC_IMPLICIT_RETAIN_SELF = YES;
				CLANG_WARN_OBJC_LITERAL_CONVERSION = YES;
				CLANG_WARN_OBJC_ROOT_CLASS = YES_ERROR;
				CLANG_WARN_RANGE_LOOP_ANALYSIS = YES;
				CLANG_WARN_STRICT_PROTOTYPES = YES;
				CLANG_WARN_SUSPICIOUS_MOVE = YES;
				CLANG_WARN_UNGUARDED_AVAILABILITY = YES_AGGRESSIVE;
				CLANG_WARN_UNREACHABLE_CODE = YES;
				CLANG_WARN__DUPLICATE_METHOD_MATCH = YES;
				CODE_SIGN_IDENTITY = "-";
				COPY_PHASE_STRIP = NO;
				DEBUG_INFORMATION_FORMAT = "dwarf-with-dsym";
				ENABLE_NS_ASSERTIONS = NO;
				ENABLE_STRICT_OBJC_MSGSEND = YES;
				GCC_C_LANGUAGE_STANDARD = gnu11;
				GCC_NO_COMMON_BLOCKS = YES;
				GCC_WARN_64_TO_32_BIT_CONVERSION = YES;
				GCC_WARN_ABOUT_RETURN_TYPE = YES_ERROR;
				GCC_WARN_UNDECLARED_SELECTOR = YES;
				GCC_WARN_UNINITIALIZED_AUTOS = YES_AGGRESSIVE;
				GCC_WARN_UNUSED_FUNCTION = YES;
				GCC_WARN_UNUSED_VARIABLE = YES;
				MACOSX_DEPLOYMENT_TARGET = 10.13;
				MTL_ENABLE_DEBUG_INFO = NO;
				SDKROOT = macosx;
			};
			name = Release;
		};
		F1A57F9920B88A4D003A84FA /* Debug */ = {
			isa = XCBuildConfiguration;
			buildSettings = {
				CODE_SIGN_STYLE = Automatic;
				PRODUCT_NAME = "$(TARGET_NAME)";
			};
			name = Debug;
		};
		F1A57F9A20B88A4D003A84FA /* Release */ = {
			isa = XCBuildConfiguration;
			buildSettings = {
				CODE_SIGN_STYLE = Automatic;
				PRODUCT_NAME = "$(TARGET_NAME)";
			};
			name = Release;
		};
/* End XCBuildConfiguration section */

/* Begin XCConfigurationList section */
		F1A57F8C20B88A4D003A84FA /* Build configuration list for PBXProject "GcodeParser" */ = {
			isa = XCConfigurationList;
			buildConfigurations = (
				F1A57F9620B88A4D003A84FA /* Debug */,
				F1A57F9720B88A4D003A84FA /* Release */,
			);
			defaultConfigurationIsVisible = 0;
			defaultConfigurationName = Release;
		};
		F1A57F9820B88A4D003A84FA /* Build configuration list for PBXNativeTarget "GcodeParser" */ = {
			isa = XCConfigurationList;
			buildConfigurations = (
				F1A57F9920B88A4D003A84FA /* Debug */,
				F1A57F9A20B88A4D003A84FA /* Release */,
			);
			defaultConfigurationIsVisible = 0;
			defaultConfigurationName = Release;
		};
/* End XCConfigurationList section */
	};
	rootObject = F1A57F8920B88A4D003A84FA /* Project object */;
}
